
Microsoft Visual Studio Solution File, Format Version 12.00
Project("{FAE04EC0-301F-11D3-BF4B-00C04F79EFBC}") = "Part1Task", "Part1Task\Part1Task.csproj", "{7275EB9A-4C4C-428B-B766-AA5AD361C1E4}"
EndProject
Project("{2150E333-8FDC-42A3-9474-1A3956D46DE8}") = "Part7Task11", "Part7Task11", "{56203E16-742D-469A-99BF-2212664897E3}"
EndProject
Project("{2150E333-8FDC-42A3-9474-1A3956D46DE8}") = "Part7Task12", "Part7Task12", "{196AD167-D791-4B81-9F7F-F659117CEEDF}"
EndProject
Project("{FAE04EC0-301F-11D3-BF4B-00C04F79EFBC}") = "Part7Task12", "Part7Task12\Part7Task12.csproj", "{86DE6457-56AA-4AAC-806F-D2A6A13B42F0}"
EndProject
Project("{FAE04EC0-301F-11D3-BF4B-00C04F79EFBC}") = "Part7Task11", "Part7Task11\Part7Task11.csproj", "{B61D3BEC-A0DC-4F0D-B677-9C8FF03790E3}"
EndProject
Project("{2150E333-8FDC-42A3-9474-1A3956D46DE8}") = "Part7Task13", "Part7Task13", "{A7F92FBD-5EC8-40DB-902E-2E67C0D0C152}"
EndProject
Project("{FAE04EC0-301F-11D3-BF4B-00C04F79EFBC}") = "Part7Task13", "Part7Task13\Part7Task13.csproj", "{9B648F99-67D6-4BD7-9515-906124F90526}"
EndProject
Project("{2150E333-8FDC-42A3-9474-1A3956D46DE8}") = "Part7Task14", "Part7Task14", "{F445BAF7-E748-4A38-8392-DF009884065E}"
EndProject
Project("{FAE04EC0-301F-11D3-BF4B-00C04F79EFBC}") = "Part7Task14", "Part7Task14\Part7Task14.csproj", "{E434158B-B6F6-4EB7-8316-4C1A8F39157E}"
EndProject
Project("{2150E333-8FDC-42A3-9474-1A3956D46DE8}") = "Part7Task15", "Part7Task15", "{F2038E6E-382F-4D40-B05A-DD96D5420F20}"
EndProject
Project("{FAE04EC0-301F-11D3-BF4B-00C04F79EFBC}") = "Part7Task15", "Part7Task15\Part7Task15.csproj", "{82D870C4-373A-4338-BDE9-B89A8B8AE203}"
EndProject
Project("{2150E333-8FDC-42A3-9474-1A3956D46DE8}") = "Part7Task15P2", "Part7Task15P2", "{5CD27B66-E228-45DE-A6B4-E6F0B2B123CE}"
EndProject
Project("{FAE04EC0-301F-11D3-BF4B-00C04F79EFBC}") = "Part7Task15P2", "Part7Task15P2\Part7Task15P2.csproj", "{1A168164-7B75-452C-99D5-1455BC499260}"
EndProject
Project("{2150E333-8FDC-42A3-9474-1A3956D46DE8}") = "Part7Task16", "Part7Task16", "{42F202AA-5355-4EA8-9D62-C82DAC2BC12B}"
EndProject
Project("{FAE04EC0-301F-11D3-BF4B-00C04F79EFBC}") = "Part7Task16", "Part7Task16\Part7Task16.csproj", "{664BF1F2-2BC4-4A69-AC60-1DFB30A89D10}"
EndProject
Project("{2150E333-8FDC-42A3-9474-1A3956D46DE8}") = "Part7Task2", "Part7Task2", "{83F8E227-AD58-4213-A4A7-177FCBD7C0BD}"
EndProject
Project("{FAE04EC0-301F-11D3-BF4B-00C04F79EFBC}") = "Part7Task2", "Part7Task2\Part7Task2.csproj", "{7A914A45-18DD-4404-87F8-E810EED877B1}"
EndProject
Project("{2150E333-8FDC-42A3-9474-1A3956D46DE8}") = "Part7Task3", "Part7Task3", "{F0B0C47B-5816-418F-9543-AB2CC5A1B810}"
EndProject
Project("{FAE04EC0-301F-11D3-BF4B-00C04F79EFBC}") = "Part7Task3", "Part7Task3\Part7Task3.csproj", "{CABB1637-14D2-4F70-BCDA-1670D1821B60}"
EndProject
Project("{2150E333-8FDC-42A3-9474-1A3956D46DE8}") = "Part7Task4", "Part7Task4", "{824E183E-70B7-482D-8140-4D1FBEA42814}"
EndProject
Project("{FAE04EC0-301F-11D3-BF4B-00C04F79EFBC}") = "Part7Task4", "Part7Task4\Part7Task4.csproj", "{A3F05E56-445C-4B26-9C87-E05EA53C9612}"
EndProject
Project("{2150E333-8FDC-42A3-9474-1A3956D46DE8}") = "Part7Task5", "Part7Task5", "{B7FB2084-F2D3-4217-B19B-B28B7F3E2481}"
EndProject
Project("{FAE04EC0-301F-11D3-BF4B-00C04F79EFBC}") = "Task5P1", "Part7Task5\Task5P1\Task5P1.csproj", "{1CCC3B9F-4008-49D3-B30B-5E76D6CD8853}"
EndProject
Project("{FAE04EC0-301F-11D3-BF4B-00C04F79EFBC}") = "Task5P2", "Part7Task5\Task5P2\Task5P2.csproj", "{41816A1C-F144-4711-B91A-D44E7E29E8C3}"
EndProject
Project("{2150E333-8FDC-42A3-9474-1A3956D46DE8}") = "Part8Task1", "Part8Task1", "{1433FB5D-DD41-4185-BADE-AB302CC23FB5}"
EndProject
Project("{FAE04EC0-301F-11D3-BF4B-00C04F79EFBC}") = "Part8Task1P1", "Part8Task1P1\Part8Task1P1.csproj", "{017A206C-E537-4937-96AE-989CB7CC657D}"
EndProject
Project("{FAE04EC0-301F-11D3-BF4B-00C04F79EFBC}") = "Part8Task1P2", "Part8Task1P2\Part8Task1P2.csproj", "{EB242500-9AE5-40F5-B37D-2A31D54266B4}"
EndProject
Project("{2150E333-8FDC-42A3-9474-1A3956D46DE8}") = "Part8Task2", "Part8Task2", "{A9E18289-EC74-4515-9CDB-38620A9FFA24}"
EndProject
Project("{FAE04EC0-301F-11D3-BF4B-00C04F79EFBC}") = "Part8Task2P1", "Part8Task2P1\Part8Task2P1.csproj", "{C8BB2FEF-1650-4943-9E7B-B274A93F2389}"
EndProject
Project("{FAE04EC0-301F-11D3-BF4B-00C04F79EFBC}") = "Part8Task2P2", "Part8Task2P2\Part8Task2P2.csproj", "{9D38B6A5-5AD5-4DB0-888F-1D10B7A378BE}"
EndProject
Project("{2150E333-8FDC-42A3-9474-1A3956D46DE8}") = "Part8Task3", "Part8Task3", "{E82DE525-3F9D-4458-A702-C7396C38CDBA}"
EndProject
Project("{FAE04EC0-301F-11D3-BF4B-00C04F79EFBC}") = "Part8Task3P1", "Part8Task3P1\Part8Task3P1.csproj", "{9377A8AE-E1BC-4C82-91D5-A84D33937998}"
EndProject
Project("{FAE04EC0-301F-11D3-BF4B-00C04F79EFBC}") = "Part8Task3P2", "Part8Task3P2\Part8Task3P2.csproj", "{39524229-38E4-4CD8-ABC4-30BFCA79F6F3}"
EndProject
Project("{2150E333-8FDC-42A3-9474-1A3956D46DE8}") = "Part8Task4", "Part8Task4", "{88160AD2-CF05-48DE-A943-AEAE821ECC89}"
EndProject
Project("{FAE04EC0-301F-11D3-BF4B-00C04F79EFBC}") = "Part8Task4P1", "Part8Task4P1\Part8Task4P1.csproj", "{E02B8F7C-C2BB-4FE0-9678-11E6EC1E8372}"
EndProject
Project("{FAE04EC0-301F-11D3-BF4B-00C04F79EFBC}") = "Part8Task4P2", "Part8Task4P2\Part8Task4P2.csproj", "{C15C2183-7529-4C72-8C00-0F80BBFF878A}"
EndProject
Project("{2150E333-8FDC-42A3-9474-1A3956D46DE8}") = "Part8Task5", "Part8Task5", "{8F255727-2F0C-4840-B04D-92CA665092FD}"
EndProject
Project("{FAE04EC0-301F-11D3-BF4B-00C04F79EFBC}") = "Part8Task5GuessTheNumber", "Part8Task5GuessTheNumber\Part8Task5GuessTheNumber.csproj", "{1382D68E-B829-4E76-A082-785263F2338E}"
EndProject
Project("{2150E333-8FDC-42A3-9474-1A3956D46DE8}") = "Part9Task7", "Part9Task7", "{EEA7BD62-55E2-4F5A-9EC8-9D655A1BE723}"
EndProject
Project("{FAE04EC0-301F-11D3-BF4B-00C04F79EFBC}") = "Part9Task7", "Part9Task7\Part9Task7.csproj", "{F7615987-77FD-4BD4-8991-6457B38D8C06}"
EndProject
Project("{2150E333-8FDC-42A3-9474-1A3956D46DE8}") = "Part9Task6", "Part9Task6", "{DBBEB42B-EC11-496B-99C0-480690479689}"
EndProject
Project("{FAE04EC0-301F-11D3-BF4B-00C04F79EFBC}") = "Part9Task6", "Part9Task6\Part9Task6.csproj", "{8A48DF02-5CE4-4CD7-8326-F38D78491994}"
EndProject
Project("{2150E333-8FDC-42A3-9474-1A3956D46DE8}") = "Part9Task1", "Part9Task1", "{3694C842-81B6-4311-BFBE-6625DA6F1893}"
EndProject
Project("{FAE04EC0-301F-11D3-BF4B-00C04F79EFBC}") = "Part9Task1", "Part9Task1\Part9Task1.csproj", "{83B0C68F-B285-4372-8EEC-859D389F0712}"
EndProject
Project("{2150E333-8FDC-42A3-9474-1A3956D46DE8}") = "Part9Task2", "Part9Task2", "{39E740B6-F457-46B3-A381-2A129D2E7F11}"
EndProject
Project("{FAE04EC0-301F-11D3-BF4B-00C04F79EFBC}") = "Part9Task2", "Part9Task2\Part9Task2.csproj", "{DDD7B968-D7BD-4424-9294-5904A9647B02}"
EndProject
Project("{2150E333-8FDC-42A3-9474-1A3956D46DE8}") = "Part9Task3", "Part9Task3", "{0201AC47-3E1B-41C8-AADC-056C727537DF}"
EndProject
Project("{FAE04EC0-301F-11D3-BF4B-00C04F79EFBC}") = "Part9Task3", "Part9Task3\Part9Task3.csproj", "{10454D16-3E0C-4392-929B-F0EF2D4DD25B}"
EndProject
Project("{2150E333-8FDC-42A3-9474-1A3956D46DE8}") = "Part9Task4", "Part9Task4", "{BA14E81F-F4EA-4B42-B8D8-6A1188005F81}"
EndProject
Project("{FAE04EC0-301F-11D3-BF4B-00C04F79EFBC}") = "Part9Task4", "Part9Task4\Part9Task4.csproj", "{8753D8DA-A125-44CF-81FF-9E57F968C84B}"
EndProject
Project("{2150E333-8FDC-42A3-9474-1A3956D46DE8}") = "Part9Task5", "Part9Task5", "{6060851E-F06E-40EF-814D-F6A74821793C}"
EndProject
Project("{FAE04EC0-301F-11D3-BF4B-00C04F79EFBC}") = "Part9Task5", "Part9Task5\Part9Task5.csproj", "{04D9A3C1-7E5C-469C-B367-183577A3CC99}"
EndProject
Project("{2150E333-8FDC-42A3-9474-1A3956D46DE8}") = "Part10", "Part10", "{19AA9F49-CCF0-40DA-BBAF-6CAA68816B42}"
EndProject
Project("{FAE04EC0-301F-11D3-BF4B-00C04F79EFBC}") = "Part10Task1", "Part10Task1\Part10Task1.csproj", "{F65C6220-C21A-4461-B01C-FB8AB42E7DEF}"
EndProject
Project("{FAE04EC0-301F-11D3-BF4B-00C04F79EFBC}") = "Part10Task2", "Part10Task2\Part10Task2.csproj", "{0867BC2A-145E-40FC-9BDA-4BF280E26609}"
EndProject
Project("{FAE04EC0-301F-11D3-BF4B-00C04F79EFBC}") = "Part10Task3", "Part10Task3\Part10Task3.csproj", "{FD0B1605-AE1E-4610-82C3-6A725E49616F}"
EndProject
Project("{FAE04EC0-301F-11D3-BF4B-00C04F79EFBC}") = "Part10Task4", "Part10Task4\Part10Task4.csproj", "{65CBF796-1B5F-4911-9884-DCD5004195CA}"
EndProject
Project("{FAE04EC0-301F-11D3-BF4B-00C04F79EFBC}") = "Part10Task5", "Part10Task5\Part10Task5.csproj", "{1DCFB3C4-2FAD-43E8-AB08-C2FCA67289EB}"
EndProject
Project("{FAE04EC0-301F-11D3-BF4B-00C04F79EFBC}") = "Part10Task6", "Part10Task6\Part10Task6.csproj", "{3A327B45-11D6-46B0-8ADF-7C0AB9E67DEA}"
EndProject
Project("{FAE04EC0-301F-11D3-BF4B-00C04F79EFBC}") = "Part10Task7", "Part10Task7\Part10Task7.csproj", "{EEE556BD-5412-470D-8974-1BBF8646F17E}"
EndProject
Project("{FAE04EC0-301F-11D3-BF4B-00C04F79EFBC}") = "Part10Task8", "Part10Task8\Part10Task8.csproj", "{E285C621-CBEA-420C-835C-468EA4FC9707}"
EndProject
Project("{FAE04EC0-301F-11D3-BF4B-00C04F79EFBC}") = "Part10Task9", "Part10Task9\Part10Task9.csproj", "{EA37C4DE-2DC2-42D2-BA21-C6B6F09287E3}"
EndProject
Project("{FAE04EC0-301F-11D3-BF4B-00C04F79EFBC}") = "Part10Task10", "Part10Task10\Part10Task10.csproj", "{7E087039-E10C-40A8-B6C8-3F5427416A16}"
EndProject
Project("{FAE04EC0-301F-11D3-BF4B-00C04F79EFBC}") = "Part10Task12", "Part10Task12\Part10Task12.csproj", "{ABCA2277-E68D-4A0C-965C-AC69077AAEC9}"
EndProject
Project("{FAE04EC0-301F-11D3-BF4B-00C04F79EFBC}") = "Part10Task13", "Part10Task13\Part10Task13.csproj", "{705A2EED-2DAD-4D66-8B9E-C83567177EE6}"
EndProject
Project("{FAE04EC0-301F-11D3-BF4B-00C04F79EFBC}") = "Part10Task11", "Part10Task11\Part10Task11.csproj", "{DBAA24CB-124B-444A-8FCE-FDC88391949C}"
EndProject
Project("{2150E333-8FDC-42A3-9474-1A3956D46DE8}") = "Part11", "Part11", "{9227B4AD-8756-4C85-9AFA-BFB2B98516CF}"
EndProject
Project("{FAE04EC0-301F-11D3-BF4B-00C04F79EFBC}") = "Part11Task1", "Part11Task1\Part11Task1.csproj", "{071AF339-40F8-4055-8C2D-AB7BA31E7347}"
EndProject
Project("{FAE04EC0-301F-11D3-BF4B-00C04F79EFBC}") = "Part11Task2", "Part11Task2\Part11Task2.csproj", "{58C2EEAA-205B-410D-A91F-9C21637D59EA}"
EndProject
Global
	GlobalSection(SolutionConfigurationPlatforms) = preSolution
		Debug|Any CPU = Debug|Any CPU
		Release|Any CPU = Release|Any CPU
	EndGlobalSection
	GlobalSection(ProjectConfigurationPlatforms) = postSolution
		{7275EB9A-4C4C-428B-B766-AA5AD361C1E4}.Debug|Any CPU.ActiveCfg = Debug|Any CPU
		{7275EB9A-4C4C-428B-B766-AA5AD361C1E4}.Debug|Any CPU.Build.0 = Debug|Any CPU
		{7275EB9A-4C4C-428B-B766-AA5AD361C1E4}.Release|Any CPU.ActiveCfg = Release|Any CPU
		{7275EB9A-4C4C-428B-B766-AA5AD361C1E4}.Release|Any CPU.Build.0 = Release|Any CPU
		{86DE6457-56AA-4AAC-806F-D2A6A13B42F0}.Debug|Any CPU.ActiveCfg = Debug|Any CPU
		{86DE6457-56AA-4AAC-806F-D2A6A13B42F0}.Debug|Any CPU.Build.0 = Debug|Any CPU
		{86DE6457-56AA-4AAC-806F-D2A6A13B42F0}.Release|Any CPU.ActiveCfg = Release|Any CPU
		{86DE6457-56AA-4AAC-806F-D2A6A13B42F0}.Release|Any CPU.Build.0 = Release|Any CPU
		{B61D3BEC-A0DC-4F0D-B677-9C8FF03790E3}.Debug|Any CPU.ActiveCfg = Debug|Any CPU
		{B61D3BEC-A0DC-4F0D-B677-9C8FF03790E3}.Debug|Any CPU.Build.0 = Debug|Any CPU
		{B61D3BEC-A0DC-4F0D-B677-9C8FF03790E3}.Release|Any CPU.ActiveCfg = Release|Any CPU
		{B61D3BEC-A0DC-4F0D-B677-9C8FF03790E3}.Release|Any CPU.Build.0 = Release|Any CPU
		{9B648F99-67D6-4BD7-9515-906124F90526}.Debug|Any CPU.ActiveCfg = Debug|Any CPU
		{9B648F99-67D6-4BD7-9515-906124F90526}.Debug|Any CPU.Build.0 = Debug|Any CPU
		{9B648F99-67D6-4BD7-9515-906124F90526}.Release|Any CPU.ActiveCfg = Release|Any CPU
		{9B648F99-67D6-4BD7-9515-906124F90526}.Release|Any CPU.Build.0 = Release|Any CPU
		{E434158B-B6F6-4EB7-8316-4C1A8F39157E}.Debug|Any CPU.ActiveCfg = Debug|Any CPU
		{E434158B-B6F6-4EB7-8316-4C1A8F39157E}.Debug|Any CPU.Build.0 = Debug|Any CPU
		{E434158B-B6F6-4EB7-8316-4C1A8F39157E}.Release|Any CPU.ActiveCfg = Release|Any CPU
		{E434158B-B6F6-4EB7-8316-4C1A8F39157E}.Release|Any CPU.Build.0 = Release|Any CPU
		{82D870C4-373A-4338-BDE9-B89A8B8AE203}.Debug|Any CPU.ActiveCfg = Debug|Any CPU
		{82D870C4-373A-4338-BDE9-B89A8B8AE203}.Debug|Any CPU.Build.0 = Debug|Any CPU
		{82D870C4-373A-4338-BDE9-B89A8B8AE203}.Release|Any CPU.ActiveCfg = Release|Any CPU
		{82D870C4-373A-4338-BDE9-B89A8B8AE203}.Release|Any CPU.Build.0 = Release|Any CPU
		{1A168164-7B75-452C-99D5-1455BC499260}.Debug|Any CPU.ActiveCfg = Debug|Any CPU
		{1A168164-7B75-452C-99D5-1455BC499260}.Debug|Any CPU.Build.0 = Debug|Any CPU
		{1A168164-7B75-452C-99D5-1455BC499260}.Release|Any CPU.ActiveCfg = Release|Any CPU
		{1A168164-7B75-452C-99D5-1455BC499260}.Release|Any CPU.Build.0 = Release|Any CPU
		{664BF1F2-2BC4-4A69-AC60-1DFB30A89D10}.Debug|Any CPU.ActiveCfg = Debug|Any CPU
		{664BF1F2-2BC4-4A69-AC60-1DFB30A89D10}.Debug|Any CPU.Build.0 = Debug|Any CPU
		{664BF1F2-2BC4-4A69-AC60-1DFB30A89D10}.Release|Any CPU.ActiveCfg = Release|Any CPU
		{664BF1F2-2BC4-4A69-AC60-1DFB30A89D10}.Release|Any CPU.Build.0 = Release|Any CPU
		{7A914A45-18DD-4404-87F8-E810EED877B1}.Debug|Any CPU.ActiveCfg = Debug|Any CPU
		{7A914A45-18DD-4404-87F8-E810EED877B1}.Debug|Any CPU.Build.0 = Debug|Any CPU
		{7A914A45-18DD-4404-87F8-E810EED877B1}.Release|Any CPU.ActiveCfg = Release|Any CPU
		{7A914A45-18DD-4404-87F8-E810EED877B1}.Release|Any CPU.Build.0 = Release|Any CPU
		{CABB1637-14D2-4F70-BCDA-1670D1821B60}.Debug|Any CPU.ActiveCfg = Debug|Any CPU
		{CABB1637-14D2-4F70-BCDA-1670D1821B60}.Debug|Any CPU.Build.0 = Debug|Any CPU
		{CABB1637-14D2-4F70-BCDA-1670D1821B60}.Release|Any CPU.ActiveCfg = Release|Any CPU
		{CABB1637-14D2-4F70-BCDA-1670D1821B60}.Release|Any CPU.Build.0 = Release|Any CPU
		{A3F05E56-445C-4B26-9C87-E05EA53C9612}.Debug|Any CPU.ActiveCfg = Debug|Any CPU
		{A3F05E56-445C-4B26-9C87-E05EA53C9612}.Debug|Any CPU.Build.0 = Debug|Any CPU
		{A3F05E56-445C-4B26-9C87-E05EA53C9612}.Release|Any CPU.ActiveCfg = Release|Any CPU
		{A3F05E56-445C-4B26-9C87-E05EA53C9612}.Release|Any CPU.Build.0 = Release|Any CPU
		{1CCC3B9F-4008-49D3-B30B-5E76D6CD8853}.Debug|Any CPU.ActiveCfg = Debug|Any CPU
		{1CCC3B9F-4008-49D3-B30B-5E76D6CD8853}.Debug|Any CPU.Build.0 = Debug|Any CPU
		{1CCC3B9F-4008-49D3-B30B-5E76D6CD8853}.Release|Any CPU.ActiveCfg = Release|Any CPU
		{1CCC3B9F-4008-49D3-B30B-5E76D6CD8853}.Release|Any CPU.Build.0 = Release|Any CPU
		{41816A1C-F144-4711-B91A-D44E7E29E8C3}.Debug|Any CPU.ActiveCfg = Debug|Any CPU
		{41816A1C-F144-4711-B91A-D44E7E29E8C3}.Debug|Any CPU.Build.0 = Debug|Any CPU
		{41816A1C-F144-4711-B91A-D44E7E29E8C3}.Release|Any CPU.ActiveCfg = Release|Any CPU
		{41816A1C-F144-4711-B91A-D44E7E29E8C3}.Release|Any CPU.Build.0 = Release|Any CPU
		{017A206C-E537-4937-96AE-989CB7CC657D}.Debug|Any CPU.ActiveCfg = Debug|Any CPU
		{017A206C-E537-4937-96AE-989CB7CC657D}.Debug|Any CPU.Build.0 = Debug|Any CPU
		{017A206C-E537-4937-96AE-989CB7CC657D}.Release|Any CPU.ActiveCfg = Release|Any CPU
		{017A206C-E537-4937-96AE-989CB7CC657D}.Release|Any CPU.Build.0 = Release|Any CPU
		{EB242500-9AE5-40F5-B37D-2A31D54266B4}.Debug|Any CPU.ActiveCfg = Debug|Any CPU
		{EB242500-9AE5-40F5-B37D-2A31D54266B4}.Debug|Any CPU.Build.0 = Debug|Any CPU
		{EB242500-9AE5-40F5-B37D-2A31D54266B4}.Release|Any CPU.ActiveCfg = Release|Any CPU
		{EB242500-9AE5-40F5-B37D-2A31D54266B4}.Release|Any CPU.Build.0 = Release|Any CPU
		{C8BB2FEF-1650-4943-9E7B-B274A93F2389}.Debug|Any CPU.ActiveCfg = Debug|Any CPU
		{C8BB2FEF-1650-4943-9E7B-B274A93F2389}.Debug|Any CPU.Build.0 = Debug|Any CPU
		{C8BB2FEF-1650-4943-9E7B-B274A93F2389}.Release|Any CPU.ActiveCfg = Release|Any CPU
		{C8BB2FEF-1650-4943-9E7B-B274A93F2389}.Release|Any CPU.Build.0 = Release|Any CPU
		{9D38B6A5-5AD5-4DB0-888F-1D10B7A378BE}.Debug|Any CPU.ActiveCfg = Debug|Any CPU
		{9D38B6A5-5AD5-4DB0-888F-1D10B7A378BE}.Debug|Any CPU.Build.0 = Debug|Any CPU
		{9D38B6A5-5AD5-4DB0-888F-1D10B7A378BE}.Release|Any CPU.ActiveCfg = Release|Any CPU
		{9D38B6A5-5AD5-4DB0-888F-1D10B7A378BE}.Release|Any CPU.Build.0 = Release|Any CPU
		{9377A8AE-E1BC-4C82-91D5-A84D33937998}.Debug|Any CPU.ActiveCfg = Debug|Any CPU
		{9377A8AE-E1BC-4C82-91D5-A84D33937998}.Debug|Any CPU.Build.0 = Debug|Any CPU
		{9377A8AE-E1BC-4C82-91D5-A84D33937998}.Release|Any CPU.ActiveCfg = Release|Any CPU
		{9377A8AE-E1BC-4C82-91D5-A84D33937998}.Release|Any CPU.Build.0 = Release|Any CPU
		{39524229-38E4-4CD8-ABC4-30BFCA79F6F3}.Debug|Any CPU.ActiveCfg = Debug|Any CPU
		{39524229-38E4-4CD8-ABC4-30BFCA79F6F3}.Debug|Any CPU.Build.0 = Debug|Any CPU
		{39524229-38E4-4CD8-ABC4-30BFCA79F6F3}.Release|Any CPU.ActiveCfg = Release|Any CPU
		{39524229-38E4-4CD8-ABC4-30BFCA79F6F3}.Release|Any CPU.Build.0 = Release|Any CPU
		{E02B8F7C-C2BB-4FE0-9678-11E6EC1E8372}.Debug|Any CPU.ActiveCfg = Debug|Any CPU
		{E02B8F7C-C2BB-4FE0-9678-11E6EC1E8372}.Debug|Any CPU.Build.0 = Debug|Any CPU
		{E02B8F7C-C2BB-4FE0-9678-11E6EC1E8372}.Release|Any CPU.ActiveCfg = Release|Any CPU
		{E02B8F7C-C2BB-4FE0-9678-11E6EC1E8372}.Release|Any CPU.Build.0 = Release|Any CPU
		{C15C2183-7529-4C72-8C00-0F80BBFF878A}.Debug|Any CPU.ActiveCfg = Debug|Any CPU
		{C15C2183-7529-4C72-8C00-0F80BBFF878A}.Debug|Any CPU.Build.0 = Debug|Any CPU
		{C15C2183-7529-4C72-8C00-0F80BBFF878A}.Release|Any CPU.ActiveCfg = Release|Any CPU
		{C15C2183-7529-4C72-8C00-0F80BBFF878A}.Release|Any CPU.Build.0 = Release|Any CPU
		{1382D68E-B829-4E76-A082-785263F2338E}.Debug|Any CPU.ActiveCfg = Debug|Any CPU
		{1382D68E-B829-4E76-A082-785263F2338E}.Debug|Any CPU.Build.0 = Debug|Any CPU
		{1382D68E-B829-4E76-A082-785263F2338E}.Release|Any CPU.ActiveCfg = Release|Any CPU
		{1382D68E-B829-4E76-A082-785263F2338E}.Release|Any CPU.Build.0 = Release|Any CPU
		{F7615987-77FD-4BD4-8991-6457B38D8C06}.Debug|Any CPU.ActiveCfg = Debug|Any CPU
		{F7615987-77FD-4BD4-8991-6457B38D8C06}.Debug|Any CPU.Build.0 = Debug|Any CPU
		{F7615987-77FD-4BD4-8991-6457B38D8C06}.Release|Any CPU.ActiveCfg = Release|Any CPU
		{F7615987-77FD-4BD4-8991-6457B38D8C06}.Release|Any CPU.Build.0 = Release|Any CPU
		{8A48DF02-5CE4-4CD7-8326-F38D78491994}.Debug|Any CPU.ActiveCfg = Debug|Any CPU
		{8A48DF02-5CE4-4CD7-8326-F38D78491994}.Debug|Any CPU.Build.0 = Debug|Any CPU
		{8A48DF02-5CE4-4CD7-8326-F38D78491994}.Release|Any CPU.ActiveCfg = Release|Any CPU
		{8A48DF02-5CE4-4CD7-8326-F38D78491994}.Release|Any CPU.Build.0 = Release|Any CPU
		{83B0C68F-B285-4372-8EEC-859D389F0712}.Debug|Any CPU.ActiveCfg = Debug|Any CPU
		{83B0C68F-B285-4372-8EEC-859D389F0712}.Debug|Any CPU.Build.0 = Debug|Any CPU
		{83B0C68F-B285-4372-8EEC-859D389F0712}.Release|Any CPU.ActiveCfg = Release|Any CPU
		{83B0C68F-B285-4372-8EEC-859D389F0712}.Release|Any CPU.Build.0 = Release|Any CPU
		{DDD7B968-D7BD-4424-9294-5904A9647B02}.Debug|Any CPU.ActiveCfg = Debug|Any CPU
		{DDD7B968-D7BD-4424-9294-5904A9647B02}.Debug|Any CPU.Build.0 = Debug|Any CPU
		{DDD7B968-D7BD-4424-9294-5904A9647B02}.Release|Any CPU.ActiveCfg = Release|Any CPU
		{DDD7B968-D7BD-4424-9294-5904A9647B02}.Release|Any CPU.Build.0 = Release|Any CPU
		{10454D16-3E0C-4392-929B-F0EF2D4DD25B}.Debug|Any CPU.ActiveCfg = Debug|Any CPU
		{10454D16-3E0C-4392-929B-F0EF2D4DD25B}.Debug|Any CPU.Build.0 = Debug|Any CPU
		{10454D16-3E0C-4392-929B-F0EF2D4DD25B}.Release|Any CPU.ActiveCfg = Release|Any CPU
		{10454D16-3E0C-4392-929B-F0EF2D4DD25B}.Release|Any CPU.Build.0 = Release|Any CPU
		{8753D8DA-A125-44CF-81FF-9E57F968C84B}.Debug|Any CPU.ActiveCfg = Debug|Any CPU
		{8753D8DA-A125-44CF-81FF-9E57F968C84B}.Debug|Any CPU.Build.0 = Debug|Any CPU
		{8753D8DA-A125-44CF-81FF-9E57F968C84B}.Release|Any CPU.ActiveCfg = Release|Any CPU
		{8753D8DA-A125-44CF-81FF-9E57F968C84B}.Release|Any CPU.Build.0 = Release|Any CPU
		{04D9A3C1-7E5C-469C-B367-183577A3CC99}.Debug|Any CPU.ActiveCfg = Debug|Any CPU
		{04D9A3C1-7E5C-469C-B367-183577A3CC99}.Debug|Any CPU.Build.0 = Debug|Any CPU
		{04D9A3C1-7E5C-469C-B367-183577A3CC99}.Release|Any CPU.ActiveCfg = Release|Any CPU
		{04D9A3C1-7E5C-469C-B367-183577A3CC99}.Release|Any CPU.Build.0 = Release|Any CPU
		{F65C6220-C21A-4461-B01C-FB8AB42E7DEF}.Debug|Any CPU.ActiveCfg = Debug|Any CPU
		{F65C6220-C21A-4461-B01C-FB8AB42E7DEF}.Debug|Any CPU.Build.0 = Debug|Any CPU
		{F65C6220-C21A-4461-B01C-FB8AB42E7DEF}.Release|Any CPU.ActiveCfg = Release|Any CPU
		{F65C6220-C21A-4461-B01C-FB8AB42E7DEF}.Release|Any CPU.Build.0 = Release|Any CPU
		{0867BC2A-145E-40FC-9BDA-4BF280E26609}.Debug|Any CPU.ActiveCfg = Debug|Any CPU
		{0867BC2A-145E-40FC-9BDA-4BF280E26609}.Debug|Any CPU.Build.0 = Debug|Any CPU
		{0867BC2A-145E-40FC-9BDA-4BF280E26609}.Release|Any CPU.ActiveCfg = Release|Any CPU
		{0867BC2A-145E-40FC-9BDA-4BF280E26609}.Release|Any CPU.Build.0 = Release|Any CPU
		{FD0B1605-AE1E-4610-82C3-6A725E49616F}.Debug|Any CPU.ActiveCfg = Debug|Any CPU
		{FD0B1605-AE1E-4610-82C3-6A725E49616F}.Debug|Any CPU.Build.0 = Debug|Any CPU
		{FD0B1605-AE1E-4610-82C3-6A725E49616F}.Release|Any CPU.ActiveCfg = Release|Any CPU
		{FD0B1605-AE1E-4610-82C3-6A725E49616F}.Release|Any CPU.Build.0 = Release|Any CPU
		{65CBF796-1B5F-4911-9884-DCD5004195CA}.Debug|Any CPU.ActiveCfg = Debug|Any CPU
		{65CBF796-1B5F-4911-9884-DCD5004195CA}.Debug|Any CPU.Build.0 = Debug|Any CPU
		{65CBF796-1B5F-4911-9884-DCD5004195CA}.Release|Any CPU.ActiveCfg = Release|Any CPU
		{65CBF796-1B5F-4911-9884-DCD5004195CA}.Release|Any CPU.Build.0 = Release|Any CPU
		{1DCFB3C4-2FAD-43E8-AB08-C2FCA67289EB}.Debug|Any CPU.ActiveCfg = Debug|Any CPU
		{1DCFB3C4-2FAD-43E8-AB08-C2FCA67289EB}.Debug|Any CPU.Build.0 = Debug|Any CPU
		{1DCFB3C4-2FAD-43E8-AB08-C2FCA67289EB}.Release|Any CPU.ActiveCfg = Release|Any CPU
		{1DCFB3C4-2FAD-43E8-AB08-C2FCA67289EB}.Release|Any CPU.Build.0 = Release|Any CPU
		{3A327B45-11D6-46B0-8ADF-7C0AB9E67DEA}.Debug|Any CPU.ActiveCfg = Debug|Any CPU
		{3A327B45-11D6-46B0-8ADF-7C0AB9E67DEA}.Debug|Any CPU.Build.0 = Debug|Any CPU
		{3A327B45-11D6-46B0-8ADF-7C0AB9E67DEA}.Release|Any CPU.ActiveCfg = Release|Any CPU
		{3A327B45-11D6-46B0-8ADF-7C0AB9E67DEA}.Release|Any CPU.Build.0 = Release|Any CPU
		{EEE556BD-5412-470D-8974-1BBF8646F17E}.Debug|Any CPU.ActiveCfg = Debug|Any CPU
		{EEE556BD-5412-470D-8974-1BBF8646F17E}.Debug|Any CPU.Build.0 = Debug|Any CPU
		{EEE556BD-5412-470D-8974-1BBF8646F17E}.Release|Any CPU.ActiveCfg = Release|Any CPU
		{EEE556BD-5412-470D-8974-1BBF8646F17E}.Release|Any CPU.Build.0 = Release|Any CPU
		{E285C621-CBEA-420C-835C-468EA4FC9707}.Debug|Any CPU.ActiveCfg = Debug|Any CPU
		{E285C621-CBEA-420C-835C-468EA4FC9707}.Debug|Any CPU.Build.0 = Debug|Any CPU
		{E285C621-CBEA-420C-835C-468EA4FC9707}.Release|Any CPU.ActiveCfg = Release|Any CPU
		{E285C621-CBEA-420C-835C-468EA4FC9707}.Release|Any CPU.Build.0 = Release|Any CPU
		{EA37C4DE-2DC2-42D2-BA21-C6B6F09287E3}.Debug|Any CPU.ActiveCfg = Debug|Any CPU
		{EA37C4DE-2DC2-42D2-BA21-C6B6F09287E3}.Debug|Any CPU.Build.0 = Debug|Any CPU
		{EA37C4DE-2DC2-42D2-BA21-C6B6F09287E3}.Release|Any CPU.ActiveCfg = Release|Any CPU
		{EA37C4DE-2DC2-42D2-BA21-C6B6F09287E3}.Release|Any CPU.Build.0 = Release|Any CPU
		{7E087039-E10C-40A8-B6C8-3F5427416A16}.Debug|Any CPU.ActiveCfg = Debug|Any CPU
		{7E087039-E10C-40A8-B6C8-3F5427416A16}.Debug|Any CPU.Build.0 = Debug|Any CPU
		{7E087039-E10C-40A8-B6C8-3F5427416A16}.Release|Any CPU.ActiveCfg = Release|Any CPU
		{7E087039-E10C-40A8-B6C8-3F5427416A16}.Release|Any CPU.Build.0 = Release|Any CPU
		{ABCA2277-E68D-4A0C-965C-AC69077AAEC9}.Debug|Any CPU.ActiveCfg = Debug|Any CPU
		{ABCA2277-E68D-4A0C-965C-AC69077AAEC9}.Debug|Any CPU.Build.0 = Debug|Any CPU
		{ABCA2277-E68D-4A0C-965C-AC69077AAEC9}.Release|Any CPU.ActiveCfg = Release|Any CPU
		{ABCA2277-E68D-4A0C-965C-AC69077AAEC9}.Release|Any CPU.Build.0 = Release|Any CPU
		{705A2EED-2DAD-4D66-8B9E-C83567177EE6}.Debug|Any CPU.ActiveCfg = Debug|Any CPU
		{705A2EED-2DAD-4D66-8B9E-C83567177EE6}.Debug|Any CPU.Build.0 = Debug|Any CPU
		{705A2EED-2DAD-4D66-8B9E-C83567177EE6}.Release|Any CPU.ActiveCfg = Release|Any CPU
		{705A2EED-2DAD-4D66-8B9E-C83567177EE6}.Release|Any CPU.Build.0 = Release|Any CPU
		{DBAA24CB-124B-444A-8FCE-FDC88391949C}.Debug|Any CPU.ActiveCfg = Debug|Any CPU
		{DBAA24CB-124B-444A-8FCE-FDC88391949C}.Debug|Any CPU.Build.0 = Debug|Any CPU
		{DBAA24CB-124B-444A-8FCE-FDC88391949C}.Release|Any CPU.ActiveCfg = Release|Any CPU
		{DBAA24CB-124B-444A-8FCE-FDC88391949C}.Release|Any CPU.Build.0 = Release|Any CPU
		{071AF339-40F8-4055-8C2D-AB7BA31E7347}.Debug|Any CPU.ActiveCfg = Debug|Any CPU
		{071AF339-40F8-4055-8C2D-AB7BA31E7347}.Debug|Any CPU.Build.0 = Debug|Any CPU
		{071AF339-40F8-4055-8C2D-AB7BA31E7347}.Release|Any CPU.ActiveCfg = Release|Any CPU
		{071AF339-40F8-4055-8C2D-AB7BA31E7347}.Release|Any CPU.Build.0 = Release|Any CPU
		{58C2EEAA-205B-410D-A91F-9C21637D59EA}.Debug|Any CPU.ActiveCfg = Debug|Any CPU
		{58C2EEAA-205B-410D-A91F-9C21637D59EA}.Debug|Any CPU.Build.0 = Debug|Any CPU
		{58C2EEAA-205B-410D-A91F-9C21637D59EA}.Release|Any CPU.ActiveCfg = Release|Any CPU
		{58C2EEAA-205B-410D-A91F-9C21637D59EA}.Release|Any CPU.Build.0 = Release|Any CPU
	EndGlobalSection
	GlobalSection(NestedProjects) = preSolution
		{86DE6457-56AA-4AAC-806F-D2A6A13B42F0} = {196AD167-D791-4B81-9F7F-F659117CEEDF}
		{B61D3BEC-A0DC-4F0D-B677-9C8FF03790E3} = {56203E16-742D-469A-99BF-2212664897E3}
		{9B648F99-67D6-4BD7-9515-906124F90526} = {A7F92FBD-5EC8-40DB-902E-2E67C0D0C152}
		{E434158B-B6F6-4EB7-8316-4C1A8F39157E} = {F445BAF7-E748-4A38-8392-DF009884065E}
		{82D870C4-373A-4338-BDE9-B89A8B8AE203} = {F2038E6E-382F-4D40-B05A-DD96D5420F20}
		{1A168164-7B75-452C-99D5-1455BC499260} = {5CD27B66-E228-45DE-A6B4-E6F0B2B123CE}
		{664BF1F2-2BC4-4A69-AC60-1DFB30A89D10} = {42F202AA-5355-4EA8-9D62-C82DAC2BC12B}
		{7A914A45-18DD-4404-87F8-E810EED877B1} = {83F8E227-AD58-4213-A4A7-177FCBD7C0BD}
		{CABB1637-14D2-4F70-BCDA-1670D1821B60} = {F0B0C47B-5816-418F-9543-AB2CC5A1B810}
		{A3F05E56-445C-4B26-9C87-E05EA53C9612} = {824E183E-70B7-482D-8140-4D1FBEA42814}
		{1CCC3B9F-4008-49D3-B30B-5E76D6CD8853} = {B7FB2084-F2D3-4217-B19B-B28B7F3E2481}
		{41816A1C-F144-4711-B91A-D44E7E29E8C3} = {B7FB2084-F2D3-4217-B19B-B28B7F3E2481}
		{017A206C-E537-4937-96AE-989CB7CC657D} = {1433FB5D-DD41-4185-BADE-AB302CC23FB5}
		{EB242500-9AE5-40F5-B37D-2A31D54266B4} = {1433FB5D-DD41-4185-BADE-AB302CC23FB5}
		{C8BB2FEF-1650-4943-9E7B-B274A93F2389} = {A9E18289-EC74-4515-9CDB-38620A9FFA24}
		{9D38B6A5-5AD5-4DB0-888F-1D10B7A378BE} = {A9E18289-EC74-4515-9CDB-38620A9FFA24}
		{9377A8AE-E1BC-4C82-91D5-A84D33937998} = {E82DE525-3F9D-4458-A702-C7396C38CDBA}
		{39524229-38E4-4CD8-ABC4-30BFCA79F6F3} = {E82DE525-3F9D-4458-A702-C7396C38CDBA}
		{E02B8F7C-C2BB-4FE0-9678-11E6EC1E8372} = {88160AD2-CF05-48DE-A943-AEAE821ECC89}
		{C15C2183-7529-4C72-8C00-0F80BBFF878A} = {88160AD2-CF05-48DE-A943-AEAE821ECC89}
		{1382D68E-B829-4E76-A082-785263F2338E} = {8F255727-2F0C-4840-B04D-92CA665092FD}
		{F7615987-77FD-4BD4-8991-6457B38D8C06} = {EEA7BD62-55E2-4F5A-9EC8-9D655A1BE723}
		{8A48DF02-5CE4-4CD7-8326-F38D78491994} = {DBBEB42B-EC11-496B-99C0-480690479689}
		{83B0C68F-B285-4372-8EEC-859D389F0712} = {3694C842-81B6-4311-BFBE-6625DA6F1893}
		{DDD7B968-D7BD-4424-9294-5904A9647B02} = {39E740B6-F457-46B3-A381-2A129D2E7F11}
		{10454D16-3E0C-4392-929B-F0EF2D4DD25B} = {0201AC47-3E1B-41C8-AADC-056C727537DF}
		{8753D8DA-A125-44CF-81FF-9E57F968C84B} = {BA14E81F-F4EA-4B42-B8D8-6A1188005F81}
		{04D9A3C1-7E5C-469C-B367-183577A3CC99} = {6060851E-F06E-40EF-814D-F6A74821793C}
		{F65C6220-C21A-4461-B01C-FB8AB42E7DEF} = {19AA9F49-CCF0-40DA-BBAF-6CAA68816B42}
		{0867BC2A-145E-40FC-9BDA-4BF280E26609} = {19AA9F49-CCF0-40DA-BBAF-6CAA68816B42}
		{FD0B1605-AE1E-4610-82C3-6A725E49616F} = {19AA9F49-CCF0-40DA-BBAF-6CAA68816B42}
		{65CBF796-1B5F-4911-9884-DCD5004195CA} = {19AA9F49-CCF0-40DA-BBAF-6CAA68816B42}
		{1DCFB3C4-2FAD-43E8-AB08-C2FCA67289EB} = {19AA9F49-CCF0-40DA-BBAF-6CAA68816B42}
		{3A327B45-11D6-46B0-8ADF-7C0AB9E67DEA} = {19AA9F49-CCF0-40DA-BBAF-6CAA68816B42}
		{EEE556BD-5412-470D-8974-1BBF8646F17E} = {19AA9F49-CCF0-40DA-BBAF-6CAA68816B42}
		{E285C621-CBEA-420C-835C-468EA4FC9707} = {19AA9F49-CCF0-40DA-BBAF-6CAA68816B42}
		{EA37C4DE-2DC2-42D2-BA21-C6B6F09287E3} = {19AA9F49-CCF0-40DA-BBAF-6CAA68816B42}
		{7E087039-E10C-40A8-B6C8-3F5427416A16} = {19AA9F49-CCF0-40DA-BBAF-6CAA68816B42}
		{ABCA2277-E68D-4A0C-965C-AC69077AAEC9} = {19AA9F49-CCF0-40DA-BBAF-6CAA68816B42}
		{705A2EED-2DAD-4D66-8B9E-C83567177EE6} = {19AA9F49-CCF0-40DA-BBAF-6CAA68816B42}
		{DBAA24CB-124B-444A-8FCE-FDC88391949C} = {19AA9F49-CCF0-40DA-BBAF-6CAA68816B42}
		{071AF339-40F8-4055-8C2D-AB7BA31E7347} = {9227B4AD-8756-4C85-9AFA-BFB2B98516CF}
		{58C2EEAA-205B-410D-A91F-9C21637D59EA} = {9227B4AD-8756-4C85-9AFA-BFB2B98516CF}
	EndGlobalSection
EndGlobal
